
Microsoft Visual Studio Solution File, Format Version 12.00
# Visual Studio Version 17
VisualStudioVersion = 17.7.34031.279
MinimumVisualStudioVersion = 10.0.40219.1
Project("{FAE04EC0-301F-11D3-BF4B-00C04F79EFBC}") = "SecretSanta_API", "SecretSanta_API\SecretSanta_API.csproj", "{C9D1EF28-8BD8-4D22-994D-D6A010F4FFC8}"
EndProject
Project("{FAE04EC0-301F-11D3-BF4B-00C04F79EFBC}") = "Data", "Repositories\Data.csproj", "{742AB7F5-B43F-42FA-BECC-2CAFC4262BAF}"
EndProject
Project("{FAE04EC0-301F-11D3-BF4B-00C04F79EFBC}") = "Services", "Services\Services.csproj", "{86196D35-81B4-4ABC-9E9E-9AD04B01AFE6}"
EndProject
Global
	GlobalSection(SolutionConfigurationPlatforms) = preSolution
		Debug|Any CPU = Debug|Any CPU
		Release|Any CPU = Release|Any CPU
	EndGlobalSection
	GlobalSection(ProjectConfigurationPlatforms) = postSolution
		{C9D1EF28-8BD8-4D22-994D-D6A010F4FFC8}.Debug|Any CPU.ActiveCfg = Debug|Any CPU
		{C9D1EF28-8BD8-4D22-994D-D6A010F4FFC8}.Debug|Any CPU.Build.0 = Debug|Any CPU
		{C9D1EF28-8BD8-4D22-994D-D6A010F4FFC8}.Release|Any CPU.ActiveCfg = Release|Any CPU
		{C9D1EF28-8BD8-4D22-994D-D6A010F4FFC8}.Release|Any CPU.Build.0 = Release|Any CPU
		{742AB7F5-B43F-42FA-BECC-2CAFC4262BAF}.Debug|Any CPU.ActiveCfg = Debug|Any CPU
		{742AB7F5-B43F-42FA-BECC-2CAFC4262BAF}.Debug|Any CPU.Build.0 = Debug|Any CPU
		{742AB7F5-B43F-42FA-BECC-2CAFC4262BAF}.Release|Any CPU.ActiveCfg = Release|Any CPU
		{742AB7F5-B43F-42FA-BECC-2CAFC4262BAF}.Release|Any CPU.Build.0 = Release|Any CPU
		{86196D35-81B4-4ABC-9E9E-9AD04B01AFE6}.Debug|Any CPU.ActiveCfg = Debug|Any CPU
		{86196D35-81B4-4ABC-9E9E-9AD04B01AFE6}.Debug|Any CPU.Build.0 = Debug|Any CPU
		{86196D35-81B4-4ABC-9E9E-9AD04B01AFE6}.Release|Any CPU.ActiveCfg = Release|Any CPU
		{86196D35-81B4-4ABC-9E9E-9AD04B01AFE6}.Release|Any CPU.Build.0 = Release|Any CPU
	EndGlobalSection
	GlobalSection(SolutionProperties) = preSolution
		HideSolutionNode = FALSE
	EndGlobalSection
	GlobalSection(ExtensibilityGlobals) = postSolution
		SolutionGuid = {B2790F3E-5E77-4D30-A010-8B807F20A6A9}
	EndGlobalSection
EndGlobal
